{"is_source_file": false, "format": "", "description": "", "external_files": [], "external_methods": [], "published": [], "classes": [], "methods": [], "calls": [], "search-terms": [], "state": 2, "file_id": 24, "knowledge_revision": 53, "git_revision": "6f6233795321d3d1b5707e445253ff6b347cdf8d", "hash": "e9b4c3b42cef0193b7fddb548d37e652", "format-version": 4, "code-base-name": "default", "filename": "quizgenie/post_process_status.lock", "revision_history": [{"53": "6f6233795321d3d1b5707e445253ff6b347cdf8d"}]}